// !$*UTF8*$!
{
	archiveVersion = 1;
	classes = {
	};
	objectVersion = 77;
	objects = {

/* Begin PBXBuildFile section */
		2A51CB1F2CB9A3650075BBA0 /* Preview Assets.xcassets in Resources */ = {isa = PBXBuildFile; fileRef = 2A51CB0D2CB9A3650075BBA0 /* Preview Assets.xcassets */; };
		2A51CB202CB9A3650075BBA0 /* Assets.xcassets in Resources */ = {isa = PBXBuildFile; fileRef = 2A51CB192CB9A3650075BBA0 /* Assets.xcassets */; };
		2A51CB222CB9A3650075BBA0 /* CardCurrencyField.swift in Sources */ = {isa = PBXBuildFile; fileRef = 2A51CB002CB9A3650075BBA0 /* CardCurrencyField.swift */; };
		2A51CB242CB9A3650075BBA0 /* Double+Extension.swift in Sources */ = {isa = PBXBuildFile; fileRef = 2A51CB032CB9A3650075BBA0 /* Double+Extension.swift */; };
		2A51CB252CB9A3650075BBA0 /* String+Extension.swift in Sources */ = {isa = PBXBuildFile; fileRef = 2A51CB042CB9A3650075BBA0 /* String+Extension.swift */; };
		2A51CB272CB9A3650075BBA0 /* FilingStatus.swift in Sources */ = {isa = PBXBuildFile; fileRef = 2A51CB072CB9A3650075BBA0 /* FilingStatus.swift */; };
		2A51CB292CB9A3650075BBA0 /* TaxBrackets.swift in Sources */ = {isa = PBXBuildFile; fileRef = 2A51CB092CB9A3650075BBA0 /* TaxBrackets.swift */; };
		2A51CB2A2CB9A3650075BBA0 /* TaxScenario.swift in Sources */ = {isa = PBXBuildFile; fileRef = 2A51CB0A2CB9A3650075BBA0 /* TaxScenario.swift */; };
		2A51CB2B2CB9A3650075BBA0 /* TaxScenarioManager.swift in Sources */ = {isa = PBXBuildFile; fileRef = 2A51CB0B2CB9A3650075BBA0 /* TaxScenarioManager.swift */; };
		2A51CB2C2CB9A3650075BBA0 /* FederalTaxCalc.swift in Sources */ = {isa = PBXBuildFile; fileRef = 2A51CB0F2CB9A3650075BBA0 /* FederalTaxCalc.swift */; };
		2A51CB2D2CB9A3650075BBA0 /* NCStateTaxCalc.swift in Sources */ = {isa = PBXBuildFile; fileRef = 2A51CB102CB9A3650075BBA0 /* NCStateTaxCalc.swift */; };
		2A51CB2E2CB9A3650075BBA0 /* StateTaxCalc.swift in Sources */ = {isa = PBXBuildFile; fileRef = 2A51CB112CB9A3650075BBA0 /* StateTaxCalc.swift */; };
		2A51CB2F2CB9A3650075BBA0 /* DeductionEditor.swift in Sources */ = {isa = PBXBuildFile; fileRef = 2A51CB132CB9A3650075BBA0 /* DeductionEditor.swift */; };
		2A51CB302CB9A3650075BBA0 /* IncomeEditor.swift in Sources */ = {isa = PBXBuildFile; fileRef = 2A51CB142CB9A3650075BBA0 /* IncomeEditor.swift */; };
		2A51CB312CB9A3650075BBA0 /* JSONView.swift in Sources */ = {isa = PBXBuildFile; fileRef = 2A51CB152CB9A3650075BBA0 /* JSONView.swift */; };
		2A51CB322CB9A3650075BBA0 /* SummaryView.swift in Sources */ = {isa = PBXBuildFile; fileRef = 2A51CB162CB9A3650075BBA0 /* SummaryView.swift */; };
		2A51CB332CB9A3650075BBA0 /* ScenarioView.swift in Sources */ = {isa = PBXBuildFile; fileRef = 2A51CB172CB9A3650075BBA0 /* ScenarioView.swift */; };
		2A51CB342CB9A3650075BBA0 /* ContentView.swift in Sources */ = {isa = PBXBuildFile; fileRef = 2A51CB1A2CB9A3650075BBA0 /* ContentView.swift */; };
		2A51CB362CB9A3650075BBA0 /* TaxStudyApp.swift in Sources */ = {isa = PBXBuildFile; fileRef = 2A51CB1D2CB9A3650075BBA0 /* TaxStudyApp.swift */; };
		2A51CB3B2CBA9B010075BBA0 /* FileCommands.swift in Sources */ = {isa = PBXBuildFile; fileRef = 2A51CB3A2CBA9AFB0075BBA0 /* FileCommands.swift */; };
		2A6BA2AA2CBE54AB007C3A27 /* Header.swift in Sources */ = {isa = PBXBuildFile; fileRef = 2A6BA2A92CBE54AB007C3A27 /* Header.swift */; };
		2A6BA2B02CBE645D007C3A27 /* CardView.swift in Sources */ = {isa = PBXBuildFile; fileRef = 2A6BA2AF2CBE645D007C3A27 /* CardView.swift */; };
		2A6BA2B42CBF62E7007C3A27 /* CardItem.swift in Sources */ = {isa = PBXBuildFile; fileRef = 2A6BA2B32CBF62E7007C3A27 /* CardItem.swift */; };
		2A7CB28A2CBC09BD008334E1 /* TaxFacts.swift in Sources */ = {isa = PBXBuildFile; fileRef = 2A7CB2892CBC09B0008334E1 /* TaxFacts.swift */; };
		2A7CB28C2CBC288B008334E1 /* MetaCard.swift in Sources */ = {isa = PBXBuildFile; fileRef = 2A7CB28B2CBC2886008334E1 /* MetaCard.swift */; };
		2A7CB28E2CBC42AD008334E1 /* EmploymentStatus.swift in Sources */ = {isa = PBXBuildFile; fileRef = 2A7CB28D2CBC42A3008334E1 /* EmploymentStatus.swift */; };
		2A7CB2952CBC7823008334E1 /* MasonryLayout.swift in Sources */ = {isa = PBXBuildFile; fileRef = 2A7CB2942CBC781D008334E1 /* MasonryLayout.swift */; };
		2A7CB2972CBCDE5D008334E1 /* TaxChart.swift in Sources */ = {isa = PBXBuildFile; fileRef = 2A7CB2962CBCDE4F008334E1 /* TaxChart.swift */; };
		2A7CB2992CBCF407008334E1 /* HorizontalBarChartView.swift in Sources */ = {isa = PBXBuildFile; fileRef = 2A7CB2982CBCF3FF008334E1 /* HorizontalBarChartView.swift */; };
		2A7CB29B2CBDAC49008334E1 /* TaxCredits.swift in Sources */ = {isa = PBXBuildFile; fileRef = 2A7CB29A2CBDAC43008334E1 /* TaxCredits.swift */; };
		2A7CB29D2CBDAE80008334E1 /* TaxDeductions.swift in Sources */ = {isa = PBXBuildFile; fileRef = 2A7CB29C2CBDAE7C008334E1 /* TaxDeductions.swift */; };
		2A7CB29F2CBDC264008334E1 /* TaxAdjustments.swift in Sources */ = {isa = PBXBuildFile; fileRef = 2A7CB29E2CBDC25F008334E1 /* TaxAdjustments.swift */; };
		2A7CB2A12CBDDC32008334E1 /* Deductions.swift in Sources */ = {isa = PBXBuildFile; fileRef = 2A7CB2A02CBDDC12008334E1 /* Deductions.swift */; };
		2A7CB2A32CBDE4B2008334E1 /* Localizable.xcstrings in Resources */ = {isa = PBXBuildFile; fileRef = 2A7CB2A22CBDE4B2008334E1 /* Localizable.xcstrings */; };
		2A7CB2A62CBE0A8E008334E1 /* DeductionsView.swift in Sources */ = {isa = PBXBuildFile; fileRef = 2A7CB2A52CBE0A8E008334E1 /* DeductionsView.swift */; };
		2AA0B50B2CC2F3B000546505 /* CardPicker.swift in Sources */ = {isa = PBXBuildFile; fileRef = 2AA0B50A2CC2F3B000546505 /* CardPicker.swift */; };
		2AA0B50D2CC35EE800546505 /* CardNumberField.swift in Sources */ = {isa = PBXBuildFile; fileRef = 2AA0B50C2CC35EE800546505 /* CardNumberField.swift */; };
		2ACC20102CC00A3C00D2A907 /* TaxBracketEditor.swift in Sources */ = {isa = PBXBuildFile; fileRef = 2ACC200F2CC00A3C00D2A907 /* TaxBracketEditor.swift */; };
		2ACC20122CC0B8DC00D2A907 /* IncomeTypes.swift in Sources */ = {isa = PBXBuildFile; fileRef = 2ACC20112CC0B8D400D2A907 /* IncomeTypes.swift */; };
		2ACC20142CC0BC0F00D2A907 /* IncomeSources.swift in Sources */ = {isa = PBXBuildFile; fileRef = 2ACC20132CC0BC0A00D2A907 /* IncomeSources.swift */; };
		2ACC20162CC0CCFD00D2A907 /* IncomeView.swift in Sources */ = {isa = PBXBuildFile; fileRef = 2ACC20152CC0CCFD00D2A907 /* IncomeView.swift */; };
		2ACC20272CC267B500D2A907 /* KeyFigures.swift in Sources */ = {isa = PBXBuildFile; fileRef = 2ACC20262CC267B500D2A907 /* KeyFigures.swift */; };
/* End PBXBuildFile section */

/* Begin PBXContainerItemProxy section */
		2ACC201F2CC23DDC00D2A907 /* PBXContainerItemProxy */ = {
			isa = PBXContainerItemProxy;
			containerPortal = 2AB963E32CA6E1A300E52EDF /* Project object */;
			proxyType = 1;
			remoteGlobalIDString = 2AB963EA2CA6E1A300E52EDF;
			remoteInfo = TaxStudy;
		};
/* End PBXContainerItemProxy section */

/* Begin PBXFileReference section */
		2A51CB002CB9A3650075BBA0 /* CardCurrencyField.swift */ = {isa = PBXFileReference; lastKnownFileType = sourcecode.swift; path = CardCurrencyField.swift; sourceTree = "<group>"; };
		2A51CB032CB9A3650075BBA0 /* Double+Extension.swift */ = {isa = PBXFileReference; lastKnownFileType = sourcecode.swift; path = "Double+Extension.swift"; sourceTree = "<group>"; };
		2A51CB042CB9A3650075BBA0 /* String+Extension.swift */ = {isa = PBXFileReference; lastKnownFileType = sourcecode.swift; path = "String+Extension.swift"; sourceTree = "<group>"; };
		2A51CB072CB9A3650075BBA0 /* FilingStatus.swift */ = {isa = PBXFileReference; lastKnownFileType = sourcecode.swift; path = FilingStatus.swift; sourceTree = "<group>"; };
		2A51CB092CB9A3650075BBA0 /* TaxBrackets.swift */ = {isa = PBXFileReference; lastKnownFileType = sourcecode.swift; path = TaxBrackets.swift; sourceTree = "<group>"; };
		2A51CB0A2CB9A3650075BBA0 /* TaxScenario.swift */ = {isa = PBXFileReference; lastKnownFileType = sourcecode.swift; path = TaxScenario.swift; sourceTree = "<group>"; };
		2A51CB0B2CB9A3650075BBA0 /* TaxScenarioManager.swift */ = {isa = PBXFileReference; lastKnownFileType = sourcecode.swift; path = TaxScenarioManager.swift; sourceTree = "<group>"; };
		2A51CB0D2CB9A3650075BBA0 /* Preview Assets.xcassets */ = {isa = PBXFileReference; lastKnownFileType = folder.assetcatalog; path = "Preview Assets.xcassets"; sourceTree = "<group>"; };
		2A51CB0F2CB9A3650075BBA0 /* FederalTaxCalc.swift */ = {isa = PBXFileReference; lastKnownFileType = sourcecode.swift; path = FederalTaxCalc.swift; sourceTree = "<group>"; };
		2A51CB102CB9A3650075BBA0 /* NCStateTaxCalc.swift */ = {isa = PBXFileReference; lastKnownFileType = sourcecode.swift; path = NCStateTaxCalc.swift; sourceTree = "<group>"; };
		2A51CB112CB9A3650075BBA0 /* StateTaxCalc.swift */ = {isa = PBXFileReference; lastKnownFileType = sourcecode.swift; path = StateTaxCalc.swift; sourceTree = "<group>"; };
		2A51CB132CB9A3650075BBA0 /* DeductionEditor.swift */ = {isa = PBXFileReference; lastKnownFileType = sourcecode.swift; path = DeductionEditor.swift; sourceTree = "<group>"; };
		2A51CB142CB9A3650075BBA0 /* IncomeEditor.swift */ = {isa = PBXFileReference; lastKnownFileType = sourcecode.swift; path = IncomeEditor.swift; sourceTree = "<group>"; };
		2A51CB152CB9A3650075BBA0 /* JSONView.swift */ = {isa = PBXFileReference; lastKnownFileType = sourcecode.swift; path = JSONView.swift; sourceTree = "<group>"; };
		2A51CB162CB9A3650075BBA0 /* SummaryView.swift */ = {isa = PBXFileReference; lastKnownFileType = sourcecode.swift; path = SummaryView.swift; sourceTree = "<group>"; };
		2A51CB172CB9A3650075BBA0 /* ScenarioView.swift */ = {isa = PBXFileReference; lastKnownFileType = sourcecode.swift; path = ScenarioView.swift; sourceTree = "<group>"; };
		2A51CB192CB9A3650075BBA0 /* Assets.xcassets */ = {isa = PBXFileReference; lastKnownFileType = folder.assetcatalog; path = Assets.xcassets; sourceTree = "<group>"; };
		2A51CB1A2CB9A3650075BBA0 /* ContentView.swift */ = {isa = PBXFileReference; lastKnownFileType = sourcecode.swift; path = ContentView.swift; sourceTree = "<group>"; };
		2A51CB1C2CB9A3650075BBA0 /* TaxStudy.entitlements */ = {isa = PBXFileReference; lastKnownFileType = text.plist.entitlements; path = TaxStudy.entitlements; sourceTree = "<group>"; };
		2A51CB1D2CB9A3650075BBA0 /* TaxStudyApp.swift */ = {isa = PBXFileReference; lastKnownFileType = sourcecode.swift; path = TaxStudyApp.swift; sourceTree = "<group>"; };
		2A51CB3A2CBA9AFB0075BBA0 /* FileCommands.swift */ = {isa = PBXFileReference; lastKnownFileType = sourcecode.swift; path = FileCommands.swift; sourceTree = "<group>"; };
		2A6BA2A92CBE54AB007C3A27 /* Header.swift */ = {isa = PBXFileReference; lastKnownFileType = sourcecode.swift; path = Header.swift; sourceTree = "<group>"; };
		2A6BA2AF2CBE645D007C3A27 /* CardView.swift */ = {isa = PBXFileReference; lastKnownFileType = sourcecode.swift; path = CardView.swift; sourceTree = "<group>"; };
		2A6BA2B32CBF62E7007C3A27 /* CardItem.swift */ = {isa = PBXFileReference; lastKnownFileType = sourcecode.swift; path = CardItem.swift; sourceTree = "<group>"; };
		2A6BA2B52CBFE52C007C3A27 /* .gitignore */ = {isa = PBXFileReference; lastKnownFileType = text; path = .gitignore; sourceTree = "<group>"; };
		2A7CB2892CBC09B0008334E1 /* TaxFacts.swift */ = {isa = PBXFileReference; lastKnownFileType = sourcecode.swift; path = TaxFacts.swift; sourceTree = "<group>"; };
		2A7CB28B2CBC2886008334E1 /* MetaCard.swift */ = {isa = PBXFileReference; lastKnownFileType = sourcecode.swift; path = MetaCard.swift; sourceTree = "<group>"; };
		2A7CB28D2CBC42A3008334E1 /* EmploymentStatus.swift */ = {isa = PBXFileReference; lastKnownFileType = sourcecode.swift; path = EmploymentStatus.swift; sourceTree = "<group>"; };
		2A7CB2942CBC781D008334E1 /* MasonryLayout.swift */ = {isa = PBXFileReference; lastKnownFileType = sourcecode.swift; path = MasonryLayout.swift; sourceTree = "<group>"; };
		2A7CB2962CBCDE4F008334E1 /* TaxChart.swift */ = {isa = PBXFileReference; lastKnownFileType = sourcecode.swift; path = TaxChart.swift; sourceTree = "<group>"; };
		2A7CB2982CBCF3FF008334E1 /* HorizontalBarChartView.swift */ = {isa = PBXFileReference; lastKnownFileType = sourcecode.swift; path = HorizontalBarChartView.swift; sourceTree = "<group>"; };
		2A7CB29A2CBDAC43008334E1 /* TaxCredits.swift */ = {isa = PBXFileReference; lastKnownFileType = sourcecode.swift; path = TaxCredits.swift; sourceTree = "<group>"; };
		2A7CB29C2CBDAE7C008334E1 /* TaxDeductions.swift */ = {isa = PBXFileReference; lastKnownFileType = sourcecode.swift; path = TaxDeductions.swift; sourceTree = "<group>"; };
		2A7CB29E2CBDC25F008334E1 /* TaxAdjustments.swift */ = {isa = PBXFileReference; lastKnownFileType = sourcecode.swift; path = TaxAdjustments.swift; sourceTree = "<group>"; };
		2A7CB2A02CBDDC12008334E1 /* Deductions.swift */ = {isa = PBXFileReference; lastKnownFileType = sourcecode.swift; path = Deductions.swift; sourceTree = "<group>"; };
		2A7CB2A22CBDE4B2008334E1 /* Localizable.xcstrings */ = {isa = PBXFileReference; lastKnownFileType = text.json.xcstrings; path = Localizable.xcstrings; sourceTree = "<group>"; };
		2A7CB2A52CBE0A8E008334E1 /* DeductionsView.swift */ = {isa = PBXFileReference; lastKnownFileType = sourcecode.swift; path = DeductionsView.swift; sourceTree = "<group>"; };
		2AA0B50A2CC2F3B000546505 /* CardPicker.swift */ = {isa = PBXFileReference; lastKnownFileType = sourcecode.swift; path = CardPicker.swift; sourceTree = "<group>"; };
		2AA0B50C2CC35EE800546505 /* CardNumberField.swift */ = {isa = PBXFileReference; lastKnownFileType = sourcecode.swift; path = CardNumberField.swift; sourceTree = "<group>"; };
		2AB963EB2CA6E1A300E52EDF /* TaxStudy.app */ = {isa = PBXFileReference; explicitFileType = wrapper.application; includeInIndex = 0; path = TaxStudy.app; sourceTree = BUILT_PRODUCTS_DIR; };
		2ACC200F2CC00A3C00D2A907 /* TaxBracketEditor.swift */ = {isa = PBXFileReference; lastKnownFileType = sourcecode.swift; path = TaxBracketEditor.swift; sourceTree = "<group>"; };
		2ACC20112CC0B8D400D2A907 /* IncomeTypes.swift */ = {isa = PBXFileReference; lastKnownFileType = sourcecode.swift; path = IncomeTypes.swift; sourceTree = "<group>"; };
		2ACC20132CC0BC0A00D2A907 /* IncomeSources.swift */ = {isa = PBXFileReference; lastKnownFileType = sourcecode.swift; path = IncomeSources.swift; sourceTree = "<group>"; };
		2ACC20152CC0CCFD00D2A907 /* IncomeView.swift */ = {isa = PBXFileReference; lastKnownFileType = sourcecode.swift; path = IncomeView.swift; sourceTree = "<group>"; };
		2ACC201B2CC23DDC00D2A907 /* TaxStudyTests.xctest */ = {isa = PBXFileReference; explicitFileType = wrapper.cfbundle; includeInIndex = 0; path = TaxStudyTests.xctest; sourceTree = BUILT_PRODUCTS_DIR; };
		2ACC20262CC267B500D2A907 /* KeyFigures.swift */ = {isa = PBXFileReference; lastKnownFileType = sourcecode.swift; path = KeyFigures.swift; sourceTree = "<group>"; };
/* End PBXFileReference section */

/* Begin PBXFileSystemSynchronizedRootGroup section */
		2ACC201C2CC23DDC00D2A907 /* TaxStudyTests */ = {
			isa = PBXFileSystemSynchronizedRootGroup;
			path = TaxStudyTests;
			sourceTree = "<group>";
		};
/* End PBXFileSystemSynchronizedRootGroup section */

/* Begin PBXFrameworksBuildPhase section */
		2AB963E82CA6E1A300E52EDF /* Frameworks */ = {
			isa = PBXFrameworksBuildPhase;
			buildActionMask = 2147483647;
			files = (
			);
			runOnlyForDeploymentPostprocessing = 0;
		};
		2ACC20182CC23DDC00D2A907 /* Frameworks */ = {
			isa = PBXFrameworksBuildPhase;
			buildActionMask = 2147483647;
			files = (
			);
			runOnlyForDeploymentPostprocessing = 0;
		};
/* End PBXFrameworksBuildPhase section */

/* Begin PBXGroup section */
		2A51CB022CB9A3650075BBA0 /* Components */ = {
			isa = PBXGroup;
			children = (
				2A7CB2982CBCF3FF008334E1 /* HorizontalBarChartView.swift */,
				2A7CB2942CBC781D008334E1 /* MasonryLayout.swift */,
				2A6BA2AF2CBE645D007C3A27 /* CardView.swift */,
				2A51CB002CB9A3650075BBA0 /* CardCurrencyField.swift */,
				2AA0B50C2CC35EE800546505 /* CardNumberField.swift */,
				2A6BA2B32CBF62E7007C3A27 /* CardItem.swift */,
				2AA0B50A2CC2F3B000546505 /* CardPicker.swift */,
			);
			path = Components;
			sourceTree = "<group>";
		};
		2A51CB052CB9A3650075BBA0 /* Extensions */ = {
			isa = PBXGroup;
			children = (
				2A51CB032CB9A3650075BBA0 /* Double+Extension.swift */,
				2A51CB042CB9A3650075BBA0 /* String+Extension.swift */,
			);
			path = Extensions;
			sourceTree = "<group>";
		};
		2A51CB0C2CB9A3650075BBA0 /* Models */ = {
			isa = PBXGroup;
			children = (
				2A51CB0B2CB9A3650075BBA0 /* TaxScenarioManager.swift */,
				2A7CB2892CBC09B0008334E1 /* TaxFacts.swift */,
				2A51CB072CB9A3650075BBA0 /* FilingStatus.swift */,
				2A7CB28D2CBC42A3008334E1 /* EmploymentStatus.swift */,
				2ACC20132CC0BC0A00D2A907 /* IncomeSources.swift */,
				2ACC20112CC0B8D400D2A907 /* IncomeTypes.swift */,
				2A7CB29E2CBDC25F008334E1 /* TaxAdjustments.swift */,
				2A7CB29C2CBDAE7C008334E1 /* TaxDeductions.swift */,
				2A7CB29A2CBDAC43008334E1 /* TaxCredits.swift */,
				2A7CB2A02CBDDC12008334E1 /* Deductions.swift */,
				2A51CB092CB9A3650075BBA0 /* TaxBrackets.swift */,
				2A51CB0A2CB9A3650075BBA0 /* TaxScenario.swift */,
				2A51CB122CB9A3650075BBA0 /* TaxCalculators */,
			);
			path = Models;
			sourceTree = "<group>";
		};
		2A51CB0E2CB9A3650075BBA0 /* Preview Content */ = {
			isa = PBXGroup;
			children = (
				2A51CB0D2CB9A3650075BBA0 /* Preview Assets.xcassets */,
			);
			path = "Preview Content";
			sourceTree = "<group>";
		};
		2A51CB122CB9A3650075BBA0 /* TaxCalculators */ = {
			isa = PBXGroup;
			children = (
				2A51CB0F2CB9A3650075BBA0 /* FederalTaxCalc.swift */,
				2A51CB102CB9A3650075BBA0 /* NCStateTaxCalc.swift */,
				2A51CB112CB9A3650075BBA0 /* StateTaxCalc.swift */,
			);
			path = TaxCalculators;
			sourceTree = "<group>";
		};
		2A51CB182CB9A3650075BBA0 /* Views */ = {
			isa = PBXGroup;
			children = (
				2A51CB172CB9A3650075BBA0 /* ScenarioView.swift */,
				2A51CB1A2CB9A3650075BBA0 /* ContentView.swift */,
				2A6BA2AD2CBE5DB9007C3A27 /* Header */,
				2A7CB28F2CBC71A9008334E1 /* Summary */,
				2A7CB2A42CBE0A66008334E1 /* Deductions */,
				2A6BA2AE2CBE6026007C3A27 /* Income */,
				2ACC200E2CC00A1000D2A907 /* Settings */,
				2A51CB152CB9A3650075BBA0 /* JSONView.swift */,
			);
			path = Views;
			sourceTree = "<group>";
		};
		2A51CB1E2CB9A3650075BBA0 /* TaxStudy */ = {
			isa = PBXGroup;
			children = (
				2A51CB192CB9A3650075BBA0 /* Assets.xcassets */,
				2A51CB1D2CB9A3650075BBA0 /* TaxStudyApp.swift */,
				2A51CB1C2CB9A3650075BBA0 /* TaxStudy.entitlements */,
				2A7CB2A22CBDE4B2008334E1 /* Localizable.xcstrings */,
				2A51CB182CB9A3650075BBA0 /* Views */,
				2A51CB392CBA9ACA0075BBA0 /* Menus */,
				2A51CB022CB9A3650075BBA0 /* Components */,
				2A51CB052CB9A3650075BBA0 /* Extensions */,
				2A51CB0C2CB9A3650075BBA0 /* Models */,
				2A51CB0E2CB9A3650075BBA0 /* Preview Content */,
			);
			path = TaxStudy;
			sourceTree = "<group>";
		};
		2A51CB392CBA9ACA0075BBA0 /* Menus */ = {
			isa = PBXGroup;
			children = (
				2A51CB3A2CBA9AFB0075BBA0 /* FileCommands.swift */,
			);
			path = Menus;
			sourceTree = "<group>";
		};
		2A6BA2AD2CBE5DB9007C3A27 /* Header */ = {
			isa = PBXGroup;
			children = (
				2A6BA2A92CBE54AB007C3A27 /* Header.swift */,
				2A7CB28B2CBC2886008334E1 /* MetaCard.swift */,
				2ACC20262CC267B500D2A907 /* KeyFigures.swift */,
			);
			path = Header;
			sourceTree = "<group>";
		};
		2A6BA2AE2CBE6026007C3A27 /* Income */ = {
			isa = PBXGroup;
			children = (
				2A51CB142CB9A3650075BBA0 /* IncomeEditor.swift */,
				2ACC20152CC0CCFD00D2A907 /* IncomeView.swift */,
			);
			path = Income;
			sourceTree = "<group>";
		};
		2A7CB28F2CBC71A9008334E1 /* Summary */ = {
			isa = PBXGroup;
			children = (
				2A51CB162CB9A3650075BBA0 /* SummaryView.swift */,
				2A7CB2962CBCDE4F008334E1 /* TaxChart.swift */,
			);
			path = Summary;
			sourceTree = "<group>";
		};
		2A7CB2A42CBE0A66008334E1 /* Deductions */ = {
			isa = PBXGroup;
			children = (
				2A7CB2A52CBE0A8E008334E1 /* DeductionsView.swift */,
				2A51CB132CB9A3650075BBA0 /* DeductionEditor.swift */,
			);
			path = Deductions;
			sourceTree = "<group>";
		};
		2AB963E22CA6E1A300E52EDF = {
			isa = PBXGroup;
			children = (
				2A6BA2B52CBFE52C007C3A27 /* .gitignore */,
				2A51CB1E2CB9A3650075BBA0 /* TaxStudy */,
				2ACC201C2CC23DDC00D2A907 /* TaxStudyTests */,
				2AB963EC2CA6E1A300E52EDF /* Products */,
			);
			sourceTree = "<group>";
		};
		2AB963EC2CA6E1A300E52EDF /* Products */ = {
			isa = PBXGroup;
			children = (
				2AB963EB2CA6E1A300E52EDF /* TaxStudy.app */,
				2ACC201B2CC23DDC00D2A907 /* TaxStudyTests.xctest */,
			);
			name = Products;
			sourceTree = "<group>";
		};
		2ACC200E2CC00A1000D2A907 /* Settings */ = {
			isa = PBXGroup;
			children = (
				2ACC200F2CC00A3C00D2A907 /* TaxBracketEditor.swift */,
			);
			path = Settings;
			sourceTree = "<group>";
		};
/* End PBXGroup section */

/* Begin PBXNativeTarget section */
		2AB963EA2CA6E1A300E52EDF /* TaxStudy */ = {
			isa = PBXNativeTarget;
			buildConfigurationList = 2AB963FA2CA6E1A400E52EDF /* Build configuration list for PBXNativeTarget "TaxStudy" */;
			buildPhases = (
				2AB963E72CA6E1A300E52EDF /* Sources */,
				2AB963E82CA6E1A300E52EDF /* Frameworks */,
				2AB963E92CA6E1A300E52EDF /* Resources */,
			);
			buildRules = (
			);
			dependencies = (
			);
			name = TaxStudy;
			packageProductDependencies = (
			);
			productName = TaxStudy;
			productReference = 2AB963EB2CA6E1A300E52EDF /* TaxStudy.app */;
			productType = "com.apple.product-type.application";
		};
		2ACC201A2CC23DDC00D2A907 /* TaxStudyTests */ = {
			isa = PBXNativeTarget;
			buildConfigurationList = 2ACC20212CC23DDD00D2A907 /* Build configuration list for PBXNativeTarget "TaxStudyTests" */;
			buildPhases = (
				2ACC20172CC23DDC00D2A907 /* Sources */,
				2ACC20182CC23DDC00D2A907 /* Frameworks */,
				2ACC20192CC23DDC00D2A907 /* Resources */,
			);
			buildRules = (
			);
			dependencies = (
				2ACC20202CC23DDC00D2A907 /* PBXTargetDependency */,
			);
			fileSystemSynchronizedGroups = (
				2ACC201C2CC23DDC00D2A907 /* TaxStudyTests */,
			);
			name = TaxStudyTests;
			packageProductDependencies = (
			);
			productName = TaxStudyTests;
			productReference = 2ACC201B2CC23DDC00D2A907 /* TaxStudyTests.xctest */;
			productType = "com.apple.product-type.bundle.unit-test";
		};
/* End PBXNativeTarget section */

/* Begin PBXProject section */
		2AB963E32CA6E1A300E52EDF /* Project object */ = {
			isa = PBXProject;
			attributes = {
				BuildIndependentTargetsInParallel = 1;
				LastSwiftUpdateCheck = 1600;
				LastUpgradeCheck = 1600;
				TargetAttributes = {
					2AB963EA2CA6E1A300E52EDF = {
						CreatedOnToolsVersion = 16.0;
					};
					2ACC201A2CC23DDC00D2A907 = {
						CreatedOnToolsVersion = 16.0;
						TestTargetID = 2AB963EA2CA6E1A300E52EDF;
					};
				};
			};
			buildConfigurationList = 2AB963E62CA6E1A300E52EDF /* Build configuration list for PBXProject "TaxStudy" */;
			developmentRegion = en;
			hasScannedForEncodings = 0;
			knownRegions = (
				en,
				Base,
			);
			mainGroup = 2AB963E22CA6E1A300E52EDF;
			minimizedProjectReferenceProxies = 1;
			preferredProjectObjectVersion = 77;
			productRefGroup = 2AB963EC2CA6E1A300E52EDF /* Products */;
			projectDirPath = "";
			projectRoot = "";
			targets = (
				2AB963EA2CA6E1A300E52EDF /* TaxStudy */,
				2ACC201A2CC23DDC00D2A907 /* TaxStudyTests */,
			);
		};
/* End PBXProject section */

/* Begin PBXResourcesBuildPhase section */
		2AB963E92CA6E1A300E52EDF /* Resources */ = {
			isa = PBXResourcesBuildPhase;
			buildActionMask = 2147483647;
			files = (
				2A51CB1F2CB9A3650075BBA0 /* Preview Assets.xcassets in Resources */,
				2A51CB202CB9A3650075BBA0 /* Assets.xcassets in Resources */,
				2A7CB2A32CBDE4B2008334E1 /* Localizable.xcstrings in Resources */,
			);
			runOnlyForDeploymentPostprocessing = 0;
		};
		2ACC20192CC23DDC00D2A907 /* Resources */ = {
			isa = PBXResourcesBuildPhase;
			buildActionMask = 2147483647;
			files = (
			);
			runOnlyForDeploymentPostprocessing = 0;
		};
/* End PBXResourcesBuildPhase section */

/* Begin PBXSourcesBuildPhase section */
		2AB963E72CA6E1A300E52EDF /* Sources */ = {
			isa = PBXSourcesBuildPhase;
			buildActionMask = 2147483647;
			files = (
				2A7CB2A12CBDDC32008334E1 /* Deductions.swift in Sources */,
				2ACC20272CC267B500D2A907 /* KeyFigures.swift in Sources */,
				2A51CB222CB9A3650075BBA0 /* CardCurrencyField.swift in Sources */,
				2A7CB2A62CBE0A8E008334E1 /* DeductionsView.swift in Sources */,
				2A7CB29B2CBDAC49008334E1 /* TaxCredits.swift in Sources */,
				2A51CB242CB9A3650075BBA0 /* Double+Extension.swift in Sources */,
				2A51CB252CB9A3650075BBA0 /* String+Extension.swift in Sources */,
				2A51CB272CB9A3650075BBA0 /* FilingStatus.swift in Sources */,
				2A6BA2B02CBE645D007C3A27 /* CardView.swift in Sources */,
				2A6BA2AA2CBE54AB007C3A27 /* Header.swift in Sources */,
				2A51CB292CB9A3650075BBA0 /* TaxBrackets.swift in Sources */,
				2A6BA2B42CBF62E7007C3A27 /* CardItem.swift in Sources */,
				2A51CB2A2CB9A3650075BBA0 /* TaxScenario.swift in Sources */,
				2A51CB2B2CB9A3650075BBA0 /* TaxScenarioManager.swift in Sources */,
				2A51CB2C2CB9A3650075BBA0 /* FederalTaxCalc.swift in Sources */,
				2A7CB2952CBC7823008334E1 /* MasonryLayout.swift in Sources */,
				2A51CB2D2CB9A3650075BBA0 /* NCStateTaxCalc.swift in Sources */,
				2A51CB2E2CB9A3650075BBA0 /* StateTaxCalc.swift in Sources */,
				2ACC20162CC0CCFD00D2A907 /* IncomeView.swift in Sources */,
				2A51CB2F2CB9A3650075BBA0 /* DeductionEditor.swift in Sources */,
				2ACC20122CC0B8DC00D2A907 /* IncomeTypes.swift in Sources */,
				2A7CB29D2CBDAE80008334E1 /* TaxDeductions.swift in Sources */,
				2A51CB302CB9A3650075BBA0 /* IncomeEditor.swift in Sources */,
				2AA0B50B2CC2F3B000546505 /* CardPicker.swift in Sources */,
				2A51CB312CB9A3650075BBA0 /* JSONView.swift in Sources */,
				2A51CB3B2CBA9B010075BBA0 /* FileCommands.swift in Sources */,
				2ACC20142CC0BC0F00D2A907 /* IncomeSources.swift in Sources */,
				2A7CB28C2CBC288B008334E1 /* MetaCard.swift in Sources */,
				2ACC20102CC00A3C00D2A907 /* TaxBracketEditor.swift in Sources */,
				2A51CB322CB9A3650075BBA0 /* SummaryView.swift in Sources */,
				2AA0B50D2CC35EE800546505 /* CardNumberField.swift in Sources */,
				2A51CB332CB9A3650075BBA0 /* ScenarioView.swift in Sources */,
				2A51CB342CB9A3650075BBA0 /* ContentView.swift in Sources */,
				2A7CB28E2CBC42AD008334E1 /* EmploymentStatus.swift in Sources */,
				2A7CB29F2CBDC264008334E1 /* TaxAdjustments.swift in Sources */,
				2A7CB2992CBCF407008334E1 /* HorizontalBarChartView.swift in Sources */,
				2A51CB362CB9A3650075BBA0 /* TaxStudyApp.swift in Sources */,
				2A7CB28A2CBC09BD008334E1 /* TaxFacts.swift in Sources */,
				2A7CB2972CBCDE5D008334E1 /* TaxChart.swift in Sources */,
			);
			runOnlyForDeploymentPostprocessing = 0;
		};
		2ACC20172CC23DDC00D2A907 /* Sources */ = {
			isa = PBXSourcesBuildPhase;
			buildActionMask = 2147483647;
			files = (
			);
			runOnlyForDeploymentPostprocessing = 0;
		};
/* End PBXSourcesBuildPhase section */

/* Begin PBXTargetDependency section */
		2ACC20202CC23DDC00D2A907 /* PBXTargetDependency */ = {
			isa = PBXTargetDependency;
			target = 2AB963EA2CA6E1A300E52EDF /* TaxStudy */;
			targetProxy = 2ACC201F2CC23DDC00D2A907 /* PBXContainerItemProxy */;
		};
/* End PBXTargetDependency section */

/* Begin XCBuildConfiguration section */
		2AB963F82CA6E1A400E52EDF /* Debug */ = {
			isa = XCBuildConfiguration;
			buildSettings = {
				ALWAYS_SEARCH_USER_PATHS = NO;
				ASSETCATALOG_COMPILER_GENERATE_SWIFT_ASSET_SYMBOL_EXTENSIONS = YES;
				CLANG_ANALYZER_NONNULL = YES;
				CLANG_ANALYZER_NUMBER_OBJECT_CONVERSION = YES_AGGRESSIVE;
				CLANG_CXX_LANGUAGE_STANDARD = "gnu++20";
				CLANG_ENABLE_MODULES = YES;
				CLANG_ENABLE_OBJC_ARC = YES;
				CLANG_ENABLE_OBJC_WEAK = YES;
				CLANG_WARN_BLOCK_CAPTURE_AUTORELEASING = YES;
				CLANG_WARN_BOOL_CONVERSION = YES;
				CLANG_WARN_COMMA = YES;
				CLANG_WARN_CONSTANT_CONVERSION = YES;
				CLANG_WARN_DEPRECATED_OBJC_IMPLEMENTATIONS = YES;
				CLANG_WARN_DIRECT_OBJC_ISA_USAGE = YES_ERROR;
				CLANG_WARN_DOCUMENTATION_COMMENTS = YES;
				CLANG_WARN_EMPTY_BODY = YES;
				CLANG_WARN_ENUM_CONVERSION = YES;
				CLANG_WARN_INFINITE_RECURSION = YES;
				CLANG_WARN_INT_CONVERSION = YES;
				CLANG_WARN_NON_LITERAL_NULL_CONVERSION = YES;
				CLANG_WARN_OBJC_IMPLICIT_RETAIN_SELF = YES;
				CLANG_WARN_OBJC_LITERAL_CONVERSION = YES;
				CLANG_WARN_OBJC_ROOT_CLASS = YES_ERROR;
				CLANG_WARN_QUOTED_INCLUDE_IN_FRAMEWORK_HEADER = YES;
				CLANG_WARN_RANGE_LOOP_ANALYSIS = YES;
				CLANG_WARN_STRICT_PROTOTYPES = YES;
				CLANG_WARN_SUSPICIOUS_MOVE = YES;
				CLANG_WARN_UNGUARDED_AVAILABILITY = YES_AGGRESSIVE;
				CLANG_WARN_UNREACHABLE_CODE = YES;
				CLANG_WARN__DUPLICATE_METHOD_MATCH = YES;
				COPY_PHASE_STRIP = NO;
				DEBUG_INFORMATION_FORMAT = dwarf;
				ENABLE_STRICT_OBJC_MSGSEND = YES;
				ENABLE_TESTABILITY = YES;
				ENABLE_USER_SCRIPT_SANDBOXING = YES;
				GCC_C_LANGUAGE_STANDARD = gnu17;
				GCC_DYNAMIC_NO_PIC = NO;
				GCC_NO_COMMON_BLOCKS = YES;
				GCC_OPTIMIZATION_LEVEL = 0;
				GCC_PREPROCESSOR_DEFINITIONS = (
					"DEBUG=1",
					"$(inherited)",
				);
				GCC_WARN_64_TO_32_BIT_CONVERSION = YES;
				GCC_WARN_ABOUT_RETURN_TYPE = YES_ERROR;
				GCC_WARN_UNDECLARED_SELECTOR = YES;
				GCC_WARN_UNINITIALIZED_AUTOS = YES_AGGRESSIVE;
				GCC_WARN_UNUSED_FUNCTION = YES;
				GCC_WARN_UNUSED_VARIABLE = YES;
				LOCALIZATION_PREFERS_STRING_CATALOGS = YES;
				MACOSX_DEPLOYMENT_TARGET = 15.0;
				MTL_ENABLE_DEBUG_INFO = INCLUDE_SOURCE;
				MTL_FAST_MATH = YES;
				ONLY_ACTIVE_ARCH = YES;
				SDKROOT = macosx;
				SWIFT_ACTIVE_COMPILATION_CONDITIONS = "DEBUG $(inherited)";
				SWIFT_EMIT_LOC_STRINGS = YES;
				SWIFT_OPTIMIZATION_LEVEL = "-Onone";
			};
			name = Debug;
		};
		2AB963F92CA6E1A400E52EDF /* Release */ = {
			isa = XCBuildConfiguration;
			buildSettings = {
				ALWAYS_SEARCH_USER_PATHS = NO;
				ASSETCATALOG_COMPILER_GENERATE_SWIFT_ASSET_SYMBOL_EXTENSIONS = YES;
				CLANG_ANALYZER_NONNULL = YES;
				CLANG_ANALYZER_NUMBER_OBJECT_CONVERSION = YES_AGGRESSIVE;
				CLANG_CXX_LANGUAGE_STANDARD = "gnu++20";
				CLANG_ENABLE_MODULES = YES;
				CLANG_ENABLE_OBJC_ARC = YES;
				CLANG_ENABLE_OBJC_WEAK = YES;
				CLANG_WARN_BLOCK_CAPTURE_AUTORELEASING = YES;
				CLANG_WARN_BOOL_CONVERSION = YES;
				CLANG_WARN_COMMA = YES;
				CLANG_WARN_CONSTANT_CONVERSION = YES;
				CLANG_WARN_DEPRECATED_OBJC_IMPLEMENTATIONS = YES;
				CLANG_WARN_DIRECT_OBJC_ISA_USAGE = YES_ERROR;
				CLANG_WARN_DOCUMENTATION_COMMENTS = YES;
				CLANG_WARN_EMPTY_BODY = YES;
				CLANG_WARN_ENUM_CONVERSION = YES;
				CLANG_WARN_INFINITE_RECURSION = YES;
				CLANG_WARN_INT_CONVERSION = YES;
				CLANG_WARN_NON_LITERAL_NULL_CONVERSION = YES;
				CLANG_WARN_OBJC_IMPLICIT_RETAIN_SELF = YES;
				CLANG_WARN_OBJC_LITERAL_CONVERSION = YES;
				CLANG_WARN_OBJC_ROOT_CLASS = YES_ERROR;
				CLANG_WARN_QUOTED_INCLUDE_IN_FRAMEWORK_HEADER = YES;
				CLANG_WARN_RANGE_LOOP_ANALYSIS = YES;
				CLANG_WARN_STRICT_PROTOTYPES = YES;
				CLANG_WARN_SUSPICIOUS_MOVE = YES;
				CLANG_WARN_UNGUARDED_AVAILABILITY = YES_AGGRESSIVE;
				CLANG_WARN_UNREACHABLE_CODE = YES;
				CLANG_WARN__DUPLICATE_METHOD_MATCH = YES;
				COPY_PHASE_STRIP = NO;
				DEBUG_INFORMATION_FORMAT = "dwarf-with-dsym";
				ENABLE_NS_ASSERTIONS = NO;
				ENABLE_STRICT_OBJC_MSGSEND = YES;
				ENABLE_USER_SCRIPT_SANDBOXING = YES;
				GCC_C_LANGUAGE_STANDARD = gnu17;
				GCC_NO_COMMON_BLOCKS = YES;
				GCC_WARN_64_TO_32_BIT_CONVERSION = YES;
				GCC_WARN_ABOUT_RETURN_TYPE = YES_ERROR;
				GCC_WARN_UNDECLARED_SELECTOR = YES;
				GCC_WARN_UNINITIALIZED_AUTOS = YES_AGGRESSIVE;
				GCC_WARN_UNUSED_FUNCTION = YES;
				GCC_WARN_UNUSED_VARIABLE = YES;
				LOCALIZATION_PREFERS_STRING_CATALOGS = YES;
				MACOSX_DEPLOYMENT_TARGET = 15.0;
				MTL_ENABLE_DEBUG_INFO = NO;
				MTL_FAST_MATH = YES;
				SDKROOT = macosx;
				SWIFT_COMPILATION_MODE = wholemodule;
				SWIFT_EMIT_LOC_STRINGS = YES;
			};
			name = Release;
		};
		2AB963FB2CA6E1A400E52EDF /* Debug */ = {
			isa = XCBuildConfiguration;
			buildSettings = {
				ASSETCATALOG_COMPILER_APPICON_NAME = AppIcon;
				ASSETCATALOG_COMPILER_GLOBAL_ACCENT_COLOR_NAME = AccentColor;
				CODE_SIGN_ENTITLEMENTS = TaxStudy/TaxStudy.entitlements;
				CODE_SIGN_STYLE = Automatic;
				COMBINE_HIDPI_IMAGES = YES;
				CURRENT_PROJECT_VERSION = 1;
				DEVELOPMENT_ASSET_PATHS = "\"TaxStudy/Preview Content\"";
				DEVELOPMENT_TEAM = T5Y4JCK337;
				ENABLE_HARDENED_RUNTIME = YES;
				ENABLE_PREVIEWS = YES;
				GENERATE_INFOPLIST_FILE = YES;
				INFOPLIST_KEY_NSHumanReadableCopyright = "";
				LD_RUNPATH_SEARCH_PATHS = (
					"$(inherited)",
					"@executable_path/../Frameworks",
				);
				MARKETING_VERSION = 1.0;
				PRODUCT_BUNDLE_IDENTIFIER = me.a9r.TaxStudy;
				PRODUCT_NAME = "$(TARGET_NAME)";
				SWIFT_EMIT_LOC_STRINGS = YES;
				SWIFT_VERSION = 5.0;
			};
			name = Debug;
		};
		2AB963FC2CA6E1A400E52EDF /* Release */ = {
			isa = XCBuildConfiguration;
			buildSettings = {
				ASSETCATALOG_COMPILER_APPICON_NAME = AppIcon;
				ASSETCATALOG_COMPILER_GLOBAL_ACCENT_COLOR_NAME = AccentColor;
				CODE_SIGN_ENTITLEMENTS = TaxStudy/TaxStudy.entitlements;
				CODE_SIGN_STYLE = Automatic;
				COMBINE_HIDPI_IMAGES = YES;
				CURRENT_PROJECT_VERSION = 1;
				DEVELOPMENT_ASSET_PATHS = "\"TaxStudy/Preview Content\"";
				DEVELOPMENT_TEAM = T5Y4JCK337;
				ENABLE_HARDENED_RUNTIME = YES;
				ENABLE_PREVIEWS = YES;
				GENERATE_INFOPLIST_FILE = YES;
				INFOPLIST_KEY_NSHumanReadableCopyright = "";
				LD_RUNPATH_SEARCH_PATHS = (
					"$(inherited)",
					"@executable_path/../Frameworks",
				);
				MARKETING_VERSION = 1.0;
				PRODUCT_BUNDLE_IDENTIFIER = me.a9r.TaxStudy;
				PRODUCT_NAME = "$(TARGET_NAME)";
				SWIFT_EMIT_LOC_STRINGS = YES;
				SWIFT_VERSION = 5.0;
			};
			name = Release;
		};
		2ACC20222CC23DDD00D2A907 /* Debug */ = {
			isa = XCBuildConfiguration;
			buildSettings = {
				BUNDLE_LOADER = "$(TEST_HOST)";
				CODE_SIGN_STYLE = Automatic;
				CURRENT_PROJECT_VERSION = 1;
				DEVELOPMENT_TEAM = T5Y4JCK337;
				GENERATE_INFOPLIST_FILE = YES;
				MARKETING_VERSION = 1.0;
				PRODUCT_BUNDLE_IDENTIFIER = me.a9r.TaxStudyTests;
				PRODUCT_NAME = "$(TARGET_NAME)";
				SWIFT_EMIT_LOC_STRINGS = NO;
				SWIFT_VERSION = 5.0;
				TEST_HOST = "$(BUILT_PRODUCTS_DIR)/TaxStudy.app/$(BUNDLE_EXECUTABLE_FOLDER_PATH)/TaxStudy";
			};
			name = Debug;
		};
		2ACC20232CC23DDD00D2A907 /* Release */ = {
			isa = XCBuildConfiguration;
			buildSettings = {
				BUNDLE_LOADER = "$(TEST_HOST)";
				CODE_SIGN_STYLE = Automatic;
				CURRENT_PROJECT_VERSION = 1;
				DEVELOPMENT_TEAM = T5Y4JCK337;
				GENERATE_INFOPLIST_FILE = YES;
				MARKETING_VERSION = 1.0;
				PRODUCT_BUNDLE_IDENTIFIER = me.a9r.TaxStudyTests;
				PRODUCT_NAME = "$(TARGET_NAME)";
				SWIFT_EMIT_LOC_STRINGS = NO;
				SWIFT_VERSION = 5.0;
				TEST_HOST = "$(BUILT_PRODUCTS_DIR)/TaxStudy.app/$(BUNDLE_EXECUTABLE_FOLDER_PATH)/TaxStudy";
			};
			name = Release;
		};
/* End XCBuildConfiguration section */

/* Begin XCConfigurationList section */
		2AB963E62CA6E1A300E52EDF /* Build configuration list for PBXProject "TaxStudy" */ = {
			isa = XCConfigurationList;
			buildConfigurations = (
				2AB963F82CA6E1A400E52EDF /* Debug */,
				2AB963F92CA6E1A400E52EDF /* Release */,
			);
			defaultConfigurationIsVisible = 0;
			defaultConfigurationName = Release;
		};
		2AB963FA2CA6E1A400E52EDF /* Build configuration list for PBXNativeTarget "TaxStudy" */ = {
			isa = XCConfigurationList;
			buildConfigurations = (
				2AB963FB2CA6E1A400E52EDF /* Debug */,
				2AB963FC2CA6E1A400E52EDF /* Release */,
			);
			defaultConfigurationIsVisible = 0;
			defaultConfigurationName = Release;
		};
		2ACC20212CC23DDD00D2A907 /* Build configuration list for PBXNativeTarget "TaxStudyTests" */ = {
			isa = XCConfigurationList;
			buildConfigurations = (
				2ACC20222CC23DDD00D2A907 /* Debug */,
				2ACC20232CC23DDD00D2A907 /* Release */,
			);
			defaultConfigurationIsVisible = 0;
			defaultConfigurationName = Release;
		};
/* End XCConfigurationList section */
	};
	rootObject = 2AB963E32CA6E1A300E52EDF /* Project object */;
}
